{
    "_readme": [
        "This file locks the dependencies of your project to a known state",
        "Read more about it at https://getcomposer.org/doc/01-basic-usage.md#composer-lock-the-lock-file",
        "This file is @generated automatically"
    ],
    "hash": "a9e06c59118a480fe944f3c792ee8bc4",
    "content-hash": "84f0491fb5129bc7f70526b418ec730d",
    "packages": [
        {
            "name": "jeremeamia/SuperClosure",
            "version": "2.3.0",
            "source": {
                "type": "git",
                "url": "https://github.com/jeremeamia/super_closure.git",
                "reference": "443c3df3207f176a1b41576ee2a66968a507b3db"
            },
            "dist": {
                "type": "zip",
                "url": "https://api.github.com/repos/jeremeamia/super_closure/zipball/443c3df3207f176a1b41576ee2a66968a507b3db",
                "reference": "443c3df3207f176a1b41576ee2a66968a507b3db",
                "shasum": ""
            },
            "require": {
                "nikic/php-parser": "^1.2|^2.0|^3.0",
                "php": ">=5.4",
                "symfony/polyfill-php56": "^1.0"
            },
            "require-dev": {
                "phpunit/phpunit": "^4.0|^5.0"
            },
            "type": "library",
            "extra": {
                "branch-alias": {
                    "dev-master": "2.3-dev"
                }
            },
            "autoload": {
                "psr-4": {
                    "SuperClosure\\": "src/"
                }
            },
            "notification-url": "https://packagist.org/downloads/",
            "license": [
                "MIT"
            ],
            "authors": [
                {
                    "name": "Jeremy Lindblom",
                    "email": "jeremeamia@gmail.com",
                    "homepage": "https://github.com/jeremeamia",
                    "role": "Developer"
                }
            ],
            "description": "Serialize Closure objects, including their context and binding",
            "homepage": "https://github.com/jeremeamia/super_closure",
            "keywords": [
                "closure",
                "function",
                "lambda",
                "parser",
                "serializable",
                "serialize",
                "tokenizer"
            ],
            "time": "2016-12-07 09:37:55"
        },
        {
            "name": "nikic/php-parser",
            "version": "v3.0.5",
            "source": {
                "type": "git",
                "url": "https://github.com/nikic/PHP-Parser.git",
                "reference": "2b9e2f71b722f7c53918ab0c25f7646c2013f17d"
            },
            "dist": {
                "type": "zip",
                "url": "https://api.github.com/repos/nikic/PHP-Parser/zipball/2b9e2f71b722f7c53918ab0c25f7646c2013f17d",
                "reference": "2b9e2f71b722f7c53918ab0c25f7646c2013f17d",
                "shasum": ""
            },
            "require": {
                "ext-tokenizer": "*",
                "php": ">=5.5"
            },
            "require-dev": {
                "phpunit/phpunit": "~4.0|~5.0"
            },
            "bin": [
                "bin/php-parse"
            ],
            "type": "library",
            "extra": {
                "branch-alias": {
                    "dev-master": "3.0-dev"
                }
            },
            "autoload": {
                "psr-4": {
                    "PhpParser\\": "lib/PhpParser"
                }
            },
            "notification-url": "https://packagist.org/downloads/",
            "license": [
                "BSD-3-Clause"
            ],
            "authors": [
                {
                    "name": "Nikita Popov"
                }
            ],
            "description": "A PHP parser written in PHP",
            "keywords": [
                "parser",
                "php"
            ],
            "time": "2017-03-05 18:23:57"
        },
        {
            "name": "phpdocumentor/reflection-common",
            "version": "1.0",
            "source": {
                "type": "git",
                "url": "https://github.com/phpDocumentor/ReflectionCommon.git",
                "reference": "144c307535e82c8fdcaacbcfc1d6d8eeb896687c"
            },
            "dist": {
                "type": "zip",
                "url": "https://api.github.com/repos/phpDocumentor/ReflectionCommon/zipball/144c307535e82c8fdcaacbcfc1d6d8eeb896687c",
                "reference": "144c307535e82c8fdcaacbcfc1d6d8eeb896687c",
                "shasum": ""
            },
            "require": {
                "php": ">=5.5"
            },
            "require-dev": {
                "phpunit/phpunit": "^4.6"
            },
            "type": "library",
            "extra": {
                "branch-alias": {
                    "dev-master": "1.0.x-dev"
                }
            },
            "autoload": {
                "psr-4": {
                    "phpDocumentor\\Reflection\\": [
                        "src"
                    ]
                }
            },
            "notification-url": "https://packagist.org/downloads/",
            "license": [
                "MIT"
            ],
            "authors": [
                {
                    "name": "Jaap van Otterdijk",
                    "email": "opensource@ijaap.nl"
                }
            ],
            "description": "Common reflection classes used by phpdocumentor to reflect the code structure",
            "homepage": "http://www.phpdoc.org",
            "keywords": [
                "FQSEN",
                "phpDocumentor",
                "phpdoc",
                "reflection",
                "static analysis"
            ],
            "time": "2015-12-27 11:43:31"
        },
        {
            "name": "phpdocumentor/reflection-docblock",
            "version": "3.1.1",
            "source": {
                "type": "git",
                "url": "https://github.com/phpDocumentor/ReflectionDocBlock.git",
                "reference": "8331b5efe816ae05461b7ca1e721c01b46bafb3e"
            },
            "dist": {
                "type": "zip",
                "url": "https://api.github.com/repos/phpDocumentor/ReflectionDocBlock/zipball/8331b5efe816ae05461b7ca1e721c01b46bafb3e",
                "reference": "8331b5efe816ae05461b7ca1e721c01b46bafb3e",
                "shasum": ""
            },
            "require": {
                "php": ">=5.5",
                "phpdocumentor/reflection-common": "^1.0@dev",
                "phpdocumentor/type-resolver": "^0.2.0",
                "webmozart/assert": "^1.0"
            },
            "require-dev": {
                "mockery/mockery": "^0.9.4",
                "phpunit/phpunit": "^4.4"
            },
            "type": "library",
            "autoload": {
                "psr-4": {
                    "phpDocumentor\\Reflection\\": [
                        "src/"
                    ]
                }
            },
            "notification-url": "https://packagist.org/downloads/",
            "license": [
                "MIT"
            ],
            "authors": [
                {
                    "name": "Mike van Riel",
                    "email": "me@mikevanriel.com"
                }
            ],
            "description": "With this component, a library can provide support for annotations via DocBlocks or otherwise retrieve information that is embedded in a DocBlock.",
            "time": "2016-09-30 07:12:33"
        },
        {
            "name": "phpdocumentor/type-resolver",
            "version": "0.2.1",
            "source": {
                "type": "git",
                "url": "https://github.com/phpDocumentor/TypeResolver.git",
                "reference": "e224fb2ea2fba6d3ad6fdaef91cd09a172155ccb"
            },
            "dist": {
                "type": "zip",
                "url": "https://api.github.com/repos/phpDocumentor/TypeResolver/zipball/e224fb2ea2fba6d3ad6fdaef91cd09a172155ccb",
                "reference": "e224fb2ea2fba6d3ad6fdaef91cd09a172155ccb",
                "shasum": ""
            },
            "require": {
                "php": ">=5.5",
                "phpdocumentor/reflection-common": "^1.0"
            },
            "require-dev": {
                "mockery/mockery": "^0.9.4",
                "phpunit/phpunit": "^5.2||^4.8.24"
            },
            "type": "library",
            "extra": {
                "branch-alias": {
                    "dev-master": "1.0.x-dev"
                }
            },
            "autoload": {
                "psr-4": {
                    "phpDocumentor\\Reflection\\": [
                        "src/"
                    ]
                }
            },
            "notification-url": "https://packagist.org/downloads/",
            "license": [
                "MIT"
            ],
            "authors": [
                {
                    "name": "Mike van Riel",
                    "email": "me@mikevanriel.com"
                }
            ],
            "time": "2016-11-25 06:54:22"
        },
        {
            "name": "psr/log",
            "version": "1.0.2",
            "source": {
                "type": "git",
                "url": "https://github.com/php-fig/log.git",
                "reference": "4ebe3a8bf773a19edfe0a84b6585ba3d401b724d"
            },
            "dist": {
                "type": "zip",
                "url": "https://api.github.com/repos/php-fig/log/zipball/4ebe3a8bf773a19edfe0a84b6585ba3d401b724d",
                "reference": "4ebe3a8bf773a19edfe0a84b6585ba3d401b724d",
                "shasum": ""
            },
            "require": {
                "php": ">=5.3.0"
            },
            "type": "library",
            "extra": {
                "branch-alias": {
                    "dev-master": "1.0.x-dev"
                }
            },
            "autoload": {
                "psr-4": {
                    "Psr\\Log\\": "Psr/Log/"
                }
            },
            "notification-url": "https://packagist.org/downloads/",
            "license": [
                "MIT"
            ],
            "authors": [
                {
                    "name": "PHP-FIG",
                    "homepage": "http://www.php-fig.org/"
                }
            ],
            "description": "Common interface for logging libraries",
            "homepage": "https://github.com/php-fig/log",
            "keywords": [
                "log",
                "psr",
                "psr-3"
            ],
            "time": "2016-10-10 12:19:37"
        },
        {
            "name": "roave/better-reflection",
            "version": "dev-types-with-no-doc-block",
            "source": {
                "type": "git",
                "url": "https://github.com/marcosh/BetterReflection.git",
                "reference": "10ef1f697b3796b01916b9435e9d4a9e041778af"
            },
            "dist": {
                "type": "zip",
                "url": "https://api.github.com/repos/marcosh/BetterReflection/zipball/10ef1f697b3796b01916b9435e9d4a9e041778af",
                "reference": "10ef1f697b3796b01916b9435e9d4a9e041778af",
                "shasum": ""
            },
            "require": {
                "jeremeamia/superclosure": "^2.3",
                "nikic/php-parser": "^3.0.2",
                "php": "7.0.*|7.1.*",
                "phpdocumentor/reflection-docblock": "^3.1.1",
                "phpdocumentor/type-resolver": "^0.2.1",
                "zendframework/zend-code": "^3.1"
            },
            "require-dev": {
                "friendsofphp/php-cs-fixer": "^1.13.1",
                "phpunit/phpunit": "^5.7.4"
            },
            "suggest": {
                "composer/composer": "Required to use the ComposerSourceLocator"
            },
            "type": "library",
            "autoload": {
                "psr-4": {
                    "Roave\\BetterReflection\\": "src"
                },
                "files": [
                    "namespace-bc-aliases.php"
                ]
            },
            "autoload-dev": {
                "psr-4": {
                    "Roave\\BetterReflectionTest\\": "test/unit"
                }
            },
            "license": [
                "MIT"
            ],
            "description": "Better Reflection - an improved code reflection API",
            "support": {
                "source": "https://github.com/marcosh/BetterReflection/tree/types-with-no-doc-block"
            },
            "time": "2017-03-17 11:39:24"
        },
        {
            "name": "symfony/console",
            "version": "v3.2.6",
            "source": {
                "type": "git",
                "url": "https://github.com/symfony/console.git",
                "reference": "28fb243a2b5727774ca309ec2d92da240f1af0dd"
            },
            "dist": {
                "type": "zip",
                "url": "https://api.github.com/repos/symfony/console/zipball/28fb243a2b5727774ca309ec2d92da240f1af0dd",
                "reference": "28fb243a2b5727774ca309ec2d92da240f1af0dd",
                "shasum": ""
            },
            "require": {
                "php": ">=5.5.9",
                "symfony/debug": "~2.8|~3.0",
                "symfony/polyfill-mbstring": "~1.0"
            },
            "require-dev": {
                "psr/log": "~1.0",
                "symfony/event-dispatcher": "~2.8|~3.0",
                "symfony/filesystem": "~2.8|~3.0",
                "symfony/process": "~2.8|~3.0"
            },
            "suggest": {
                "psr/log": "For using the console logger",
                "symfony/event-dispatcher": "",
                "symfony/filesystem": "",
                "symfony/process": ""
            },
            "type": "library",
            "extra": {
                "branch-alias": {
                    "dev-master": "3.2-dev"
                }
            },
            "autoload": {
                "psr-4": {
                    "Symfony\\Component\\Console\\": ""
                },
                "exclude-from-classmap": [
                    "/Tests/"
                ]
            },
            "notification-url": "https://packagist.org/downloads/",
            "license": [
                "MIT"
            ],
            "authors": [
                {
                    "name": "Fabien Potencier",
                    "email": "fabien@symfony.com"
                },
                {
                    "name": "Symfony Community",
                    "homepage": "https://symfony.com/contributors"
                }
            ],
            "description": "Symfony Console Component",
            "homepage": "https://symfony.com",
            "time": "2017-03-06 19:30:27"
        },
        {
            "name": "symfony/debug",
            "version": "v3.2.6",
            "source": {
                "type": "git",
                "url": "https://github.com/symfony/debug.git",
                "reference": "b90c9f91ad8ac37d9f114e369042d3226b34dc1a"
            },
            "dist": {
                "type": "zip",
                "url": "https://api.github.com/repos/symfony/debug/zipball/b90c9f91ad8ac37d9f114e369042d3226b34dc1a",
                "reference": "b90c9f91ad8ac37d9f114e369042d3226b34dc1a",
                "shasum": ""
            },
            "require": {
                "php": ">=5.5.9",
                "psr/log": "~1.0"
            },
            "conflict": {
                "symfony/http-kernel": ">=2.3,<2.3.24|~2.4.0|>=2.5,<2.5.9|>=2.6,<2.6.2"
            },
            "require-dev": {
                "symfony/class-loader": "~2.8|~3.0",
                "symfony/http-kernel": "~2.8|~3.0"
            },
            "type": "library",
            "extra": {
                "branch-alias": {
                    "dev-master": "3.2-dev"
                }
            },
            "autoload": {
                "psr-4": {
                    "Symfony\\Component\\Debug\\": ""
                },
                "exclude-from-classmap": [
                    "/Tests/"
                ]
            },
            "notification-url": "https://packagist.org/downloads/",
            "license": [
                "MIT"
            ],
            "authors": [
                {
                    "name": "Fabien Potencier",
                    "email": "fabien@symfony.com"
                },
                {
                    "name": "Symfony Community",
                    "homepage": "https://symfony.com/contributors"
                }
            ],
            "description": "Symfony Debug Component",
            "homepage": "https://symfony.com",
            "time": "2017-02-18 17:28:00"
        },
        {
            "name": "symfony/polyfill-mbstring",
            "version": "v1.3.0",
            "source": {
                "type": "git",
                "url": "https://github.com/symfony/polyfill-mbstring.git",
                "reference": "e79d363049d1c2128f133a2667e4f4190904f7f4"
            },
            "dist": {
                "type": "zip",
                "url": "https://api.github.com/repos/symfony/polyfill-mbstring/zipball/e79d363049d1c2128f133a2667e4f4190904f7f4",
                "reference": "e79d363049d1c2128f133a2667e4f4190904f7f4",
                "shasum": ""
            },
            "require": {
                "php": ">=5.3.3"
            },
            "suggest": {
                "ext-mbstring": "For best performance"
            },
            "type": "library",
            "extra": {
                "branch-alias": {
                    "dev-master": "1.3-dev"
                }
            },
            "autoload": {
                "psr-4": {
                    "Symfony\\Polyfill\\Mbstring\\": ""
                },
                "files": [
                    "bootstrap.php"
                ]
            },
            "notification-url": "https://packagist.org/downloads/",
            "license": [
                "MIT"
            ],
            "authors": [
                {
                    "name": "Nicolas Grekas",
                    "email": "p@tchwork.com"
                },
                {
                    "name": "Symfony Community",
                    "homepage": "https://symfony.com/contributors"
                }
            ],
            "description": "Symfony polyfill for the Mbstring extension",
            "homepage": "https://symfony.com",
            "keywords": [
                "compatibility",
                "mbstring",
                "polyfill",
                "portable",
                "shim"
            ],
            "time": "2016-11-14 01:06:16"
        },
        {
            "name": "symfony/polyfill-php56",
            "version": "v1.3.0",
            "source": {
                "type": "git",
                "url": "https://github.com/symfony/polyfill-php56.git",
                "reference": "1dd42b9b89556f18092f3d1ada22cb05ac85383c"
            },
            "dist": {
                "type": "zip",
                "url": "https://api.github.com/repos/symfony/polyfill-php56/zipball/1dd42b9b89556f18092f3d1ada22cb05ac85383c",
                "reference": "1dd42b9b89556f18092f3d1ada22cb05ac85383c",
                "shasum": ""
            },
            "require": {
                "php": ">=5.3.3",
                "symfony/polyfill-util": "~1.0"
            },
            "type": "library",
            "extra": {
                "branch-alias": {
                    "dev-master": "1.3-dev"
                }
            },
            "autoload": {
                "psr-4": {
                    "Symfony\\Polyfill\\Php56\\": ""
                },
                "files": [
                    "bootstrap.php"
                ]
            },
            "notification-url": "https://packagist.org/downloads/",
            "license": [
                "MIT"
            ],
            "authors": [
                {
                    "name": "Nicolas Grekas",
                    "email": "p@tchwork.com"
                },
                {
                    "name": "Symfony Community",
                    "homepage": "https://symfony.com/contributors"
                }
            ],
            "description": "Symfony polyfill backporting some PHP 5.6+ features to lower PHP versions",
            "homepage": "https://symfony.com",
            "keywords": [
                "compatibility",
                "polyfill",
                "portable",
                "shim"
            ],
            "time": "2016-11-14 01:06:16"
        },
        {
            "name": "symfony/polyfill-util",
            "version": "v1.3.0",
            "source": {
                "type": "git",
                "url": "https://github.com/symfony/polyfill-util.git",
                "reference": "746bce0fca664ac0a575e465f65c6643faddf7fb"
            },
            "dist": {
                "type": "zip",
                "url": "https://api.github.com/repos/symfony/polyfill-util/zipball/746bce0fca664ac0a575e465f65c6643faddf7fb",
                "reference": "746bce0fca664ac0a575e465f65c6643faddf7fb",
                "shasum": ""
            },
            "require": {
                "php": ">=5.3.3"
            },
            "type": "library",
            "extra": {
                "branch-alias": {
                    "dev-master": "1.3-dev"
                }
            },
            "autoload": {
                "psr-4": {
                    "Symfony\\Polyfill\\Util\\": ""
                }
            },
            "notification-url": "https://packagist.org/downloads/",
            "license": [
                "MIT"
            ],
            "authors": [
                {
                    "name": "Nicolas Grekas",
                    "email": "p@tchwork.com"
                },
                {
                    "name": "Symfony Community",
                    "homepage": "https://symfony.com/contributors"
                }
            ],
            "description": "Symfony utilities for portability of PHP codes",
            "homepage": "https://symfony.com",
            "keywords": [
                "compat",
                "compatibility",
                "polyfill",
                "shim"
            ],
            "time": "2016-11-14 01:06:16"
        },
        {
            "name": "webmozart/assert",
            "version": "1.2.0",
            "source": {
                "type": "git",
                "url": "https://github.com/webmozart/assert.git",
                "reference": "2db61e59ff05fe5126d152bd0655c9ea113e550f"
            },
            "dist": {
                "type": "zip",
                "url": "https://api.github.com/repos/webmozart/assert/zipball/2db61e59ff05fe5126d152bd0655c9ea113e550f",
                "reference": "2db61e59ff05fe5126d152bd0655c9ea113e550f",
                "shasum": ""
            },
            "require": {
                "php": "^5.3.3 || ^7.0"
            },
            "require-dev": {
                "phpunit/phpunit": "^4.6",
                "sebastian/version": "^1.0.1"
            },
            "type": "library",
            "extra": {
                "branch-alias": {
                    "dev-master": "1.3-dev"
                }
            },
            "autoload": {
                "psr-4": {
                    "Webmozart\\Assert\\": "src/"
                }
            },
            "notification-url": "https://packagist.org/downloads/",
            "license": [
                "MIT"
            ],
            "authors": [
                {
                    "name": "Bernhard Schussek",
                    "email": "bschussek@gmail.com"
                }
            ],
            "description": "Assertions to validate method input/output with nice error messages.",
            "keywords": [
                "assert",
                "check",
                "validate"
            ],
            "time": "2016-11-23 20:04:58"
        },
        {
            "name": "zendframework/zend-code",
            "version": "3.1.0",
            "source": {
                "type": "git",
                "url": "https://github.com/zendframework/zend-code.git",
                "reference": "2899c17f83a7207f2d7f53ec2f421204d3beea27"
            },
            "dist": {
                "type": "zip",
                "url": "https://api.github.com/repos/zendframework/zend-code/zipball/2899c17f83a7207f2d7f53ec2f421204d3beea27",
                "reference": "2899c17f83a7207f2d7f53ec2f421204d3beea27",
                "shasum": ""
            },
            "require": {
                "php": "^5.6 || 7.0.0 - 7.0.4 || ^7.0.6",
                "zendframework/zend-eventmanager": "^2.6 || ^3.0"
            },
            "require-dev": {
                "doctrine/annotations": "~1.0",
                "ext-phar": "*",
                "phpunit/phpunit": "^4.8.21",
                "squizlabs/php_codesniffer": "^2.5",
                "zendframework/zend-stdlib": "^2.7 || ^3.0"
            },
            "suggest": {
                "doctrine/annotations": "Doctrine\\Common\\Annotations >=1.0 for annotation features",
                "zendframework/zend-stdlib": "Zend\\Stdlib component"
            },
            "type": "library",
            "extra": {
                "branch-alias": {
                    "dev-master": "3.1-dev",
                    "dev-develop": "3.2-dev"
                }
            },
            "autoload": {
                "psr-4": {
                    "Zend\\Code\\": "src/"
                }
            },
            "notification-url": "https://packagist.org/downloads/",
            "license": [
                "BSD-3-Clause"
            ],
            "description": "provides facilities to generate arbitrary code using an object oriented interface",
            "homepage": "https://github.com/zendframework/zend-code",
            "keywords": [
                "code",
                "zf2"
            ],
            "time": "2016-10-24 13:23:32"
        },
        {
            "name": "zendframework/zend-eventmanager",
            "version": "3.1.0",
            "source": {
                "type": "git",
                "url": "https://github.com/zendframework/zend-eventmanager.git",
                "reference": "c3bce7b7d47c54040b9ae51bc55491c72513b75d"
            },
            "dist": {
                "type": "zip",
                "url": "https://api.github.com/repos/zendframework/zend-eventmanager/zipball/c3bce7b7d47c54040b9ae51bc55491c72513b75d",
                "reference": "c3bce7b7d47c54040b9ae51bc55491c72513b75d",
                "shasum": ""
            },
            "require": {
                "php": "^5.6 || ^7.0"
            },
            "require-dev": {
                "athletic/athletic": "^0.1",
                "container-interop/container-interop": "^1.1.0",
                "phpunit/phpunit": "^5.6",
                "zendframework/zend-coding-standard": "~1.0.0",
                "zendframework/zend-stdlib": "^2.7.3 || ^3.0"
            },
            "suggest": {
                "container-interop/container-interop": "^1.1.0, to use the lazy listeners feature",
                "zendframework/zend-stdlib": "^2.7.3 || ^3.0, to use the FilterChain feature"
            },
            "type": "library",
            "extra": {
                "branch-alias": {
                    "dev-master": "3.1-dev",
                    "dev-develop": "3.2-dev"
                }
            },
            "autoload": {
                "psr-4": {
                    "Zend\\EventManager\\": "src/"
                }
            },
            "notification-url": "https://packagist.org/downloads/",
            "license": [
                "BSD-3-Clause"
            ],
            "description": "Trigger and listen to events within a PHP application",
            "homepage": "https://github.com/zendframework/zend-eventmanager",
            "keywords": [
                "event",
                "eventmanager",
                "events",
                "zf2"
            ],
            "time": "2016-12-19 21:47:12"
        }
    ],
    "packages-dev": [],
    "aliases": [],
    "minimum-stability": "stable",
    "stability-flags": {
        "roave/better-reflection": 20
    },
    "prefer-stable": false,
    "prefer-lowest": false,
    "platform": [],
    "platform-dev": []
}
